
Microsoft Visual Studio Solution File, Format Version 12.00
# Visual Studio Version 17
VisualStudioVersion = 17.6.33829.357
MinimumVisualStudioVersion = 10.0.40219.1
Project("{FAE04EC0-301F-11D3-BF4B-00C04F79EFBC}") = "MrBoom", "MrBoom\MrBoom.csproj", "{5BD7ECAE-1E4E-44B2-AE53-06438C74ECD3}"
	ProjectSection(ProjectDependencies) = postProject
		{5206E7C7-1E02-4823-BBF0-B2C6BED565BB} = {5206E7C7-1E02-4823-BBF0-B2C6BED565BB}
	EndProjectSection
EndProject
Project("{2150E333-8FDC-42A3-9474-1A3956D46DE8}") = "Solution Items", "Solution Items", "{BB04CC40-75B8-4BBC-87DC-C8900E983DFA}"
	ProjectSection(SolutionItems) = preProject
		.editorconfig = .editorconfig
		network-spec.md = network-spec.md
	EndProjectSection
EndProject
Project("{8BC9CEB8-8B4A-11D0-8D11-00A0C91BC942}") = "MrBoom.PlayFabParty", "MrBoom.PlayFabParty\MrBoom.PlayFabParty.vcxproj", "{5206E7C7-1E02-4823-BBF0-B2C6BED565BB}"
EndProject
Project("{9A19103F-16F7-4668-BE54-9A1E7A4F7556}") = "MrBoom.Server", "Server\MrBoom.Server.csproj", "{551C3653-B6F5-477B-AB9F-9AA6AC71FF61}"
EndProject
Global
	GlobalSection(SolutionConfigurationPlatforms) = preSolution
		Debug|Any CPU = Debug|Any CPU
		Debug|ARM = Debug|ARM
		Debug|x64 = Debug|x64
		Debug|x86 = Debug|x86
		Release|Any CPU = Release|Any CPU
		Release|ARM = Release|ARM
		Release|x64 = Release|x64
		Release|x86 = Release|x86
	EndGlobalSection
	GlobalSection(ProjectConfigurationPlatforms) = postSolution
		{5BD7ECAE-1E4E-44B2-AE53-06438C74ECD3}.Debug|Any CPU.ActiveCfg = Debug|x64
		{5BD7ECAE-1E4E-44B2-AE53-06438C74ECD3}.Debug|Any CPU.Build.0 = Debug|x64
		{5BD7ECAE-1E4E-44B2-AE53-06438C74ECD3}.Debug|Any CPU.Deploy.0 = Debug|x64
		{5BD7ECAE-1E4E-44B2-AE53-06438C74ECD3}.Debug|ARM.ActiveCfg = Debug|ARM
		{5BD7ECAE-1E4E-44B2-AE53-06438C74ECD3}.Debug|ARM.Build.0 = Debug|ARM
		{5BD7ECAE-1E4E-44B2-AE53-06438C74ECD3}.Debug|ARM.Deploy.0 = Debug|ARM
		{5BD7ECAE-1E4E-44B2-AE53-06438C74ECD3}.Debug|x64.ActiveCfg = Debug|x64
		{5BD7ECAE-1E4E-44B2-AE53-06438C74ECD3}.Debug|x64.Build.0 = Debug|x64
		{5BD7ECAE-1E4E-44B2-AE53-06438C74ECD3}.Debug|x64.Deploy.0 = Debug|x64
		{5BD7ECAE-1E4E-44B2-AE53-06438C74ECD3}.Debug|x86.ActiveCfg = Debug|x86
		{5BD7ECAE-1E4E-44B2-AE53-06438C74ECD3}.Debug|x86.Build.0 = Debug|x86
		{5BD7ECAE-1E4E-44B2-AE53-06438C74ECD3}.Debug|x86.Deploy.0 = Debug|x86
		{5BD7ECAE-1E4E-44B2-AE53-06438C74ECD3}.Release|Any CPU.ActiveCfg = Release|x64
		{5BD7ECAE-1E4E-44B2-AE53-06438C74ECD3}.Release|Any CPU.Build.0 = Release|x64
		{5BD7ECAE-1E4E-44B2-AE53-06438C74ECD3}.Release|Any CPU.Deploy.0 = Release|x64
		{5BD7ECAE-1E4E-44B2-AE53-06438C74ECD3}.Release|ARM.ActiveCfg = Release|ARM
		{5BD7ECAE-1E4E-44B2-AE53-06438C74ECD3}.Release|ARM.Build.0 = Release|ARM
		{5BD7ECAE-1E4E-44B2-AE53-06438C74ECD3}.Release|ARM.Deploy.0 = Release|ARM
		{5BD7ECAE-1E4E-44B2-AE53-06438C74ECD3}.Release|x64.ActiveCfg = Release|x64
		{5BD7ECAE-1E4E-44B2-AE53-06438C74ECD3}.Release|x64.Build.0 = Release|x64
		{5BD7ECAE-1E4E-44B2-AE53-06438C74ECD3}.Release|x64.Deploy.0 = Release|x64
		{5BD7ECAE-1E4E-44B2-AE53-06438C74ECD3}.Release|x86.ActiveCfg = Release|x86
		{5BD7ECAE-1E4E-44B2-AE53-06438C74ECD3}.Release|x86.Build.0 = Release|x86
		{5BD7ECAE-1E4E-44B2-AE53-06438C74ECD3}.Release|x86.Deploy.0 = Release|x86
		{5206E7C7-1E02-4823-BBF0-B2C6BED565BB}.Debug|Any CPU.ActiveCfg = Debug|x64
		{5206E7C7-1E02-4823-BBF0-B2C6BED565BB}.Debug|Any CPU.Build.0 = Debug|x64
		{5206E7C7-1E02-4823-BBF0-B2C6BED565BB}.Debug|ARM.ActiveCfg = Debug|x64
		{5206E7C7-1E02-4823-BBF0-B2C6BED565BB}.Debug|ARM.Build.0 = Debug|x64
		{5206E7C7-1E02-4823-BBF0-B2C6BED565BB}.Debug|x64.ActiveCfg = Debug|x64
		{5206E7C7-1E02-4823-BBF0-B2C6BED565BB}.Debug|x64.Build.0 = Debug|x64
		{5206E7C7-1E02-4823-BBF0-B2C6BED565BB}.Debug|x86.ActiveCfg = Debug|Win32
		{5206E7C7-1E02-4823-BBF0-B2C6BED565BB}.Debug|x86.Build.0 = Debug|Win32
		{5206E7C7-1E02-4823-BBF0-B2C6BED565BB}.Release|Any CPU.ActiveCfg = Release|x64
		{5206E7C7-1E02-4823-BBF0-B2C6BED565BB}.Release|Any CPU.Build.0 = Release|x64
		{5206E7C7-1E02-4823-BBF0-B2C6BED565BB}.Release|ARM.ActiveCfg = Release|x64
		{5206E7C7-1E02-4823-BBF0-B2C6BED565BB}.Release|ARM.Build.0 = Release|x64
		{5206E7C7-1E02-4823-BBF0-B2C6BED565BB}.Release|x64.ActiveCfg = Release|x64
		{5206E7C7-1E02-4823-BBF0-B2C6BED565BB}.Release|x64.Build.0 = Release|x64
		{5206E7C7-1E02-4823-BBF0-B2C6BED565BB}.Release|x86.ActiveCfg = Release|Win32
		{5206E7C7-1E02-4823-BBF0-B2C6BED565BB}.Release|x86.Build.0 = Release|Win32
		{551C3653-B6F5-477B-AB9F-9AA6AC71FF61}.Debug|Any CPU.ActiveCfg = Debug|Any CPU
		{551C3653-B6F5-477B-AB9F-9AA6AC71FF61}.Debug|Any CPU.Build.0 = Debug|Any CPU
		{551C3653-B6F5-477B-AB9F-9AA6AC71FF61}.Debug|ARM.ActiveCfg = Debug|Any CPU
		{551C3653-B6F5-477B-AB9F-9AA6AC71FF61}.Debug|ARM.Build.0 = Debug|Any CPU
		{551C3653-B6F5-477B-AB9F-9AA6AC71FF61}.Debug|x64.ActiveCfg = Debug|Any CPU
		{551C3653-B6F5-477B-AB9F-9AA6AC71FF61}.Debug|x64.Build.0 = Debug|Any CPU
		{551C3653-B6F5-477B-AB9F-9AA6AC71FF61}.Debug|x86.ActiveCfg = Debug|Any CPU
		{551C3653-B6F5-477B-AB9F-9AA6AC71FF61}.Debug|x86.Build.0 = Debug|Any CPU
		{551C3653-B6F5-477B-AB9F-9AA6AC71FF61}.Release|Any CPU.ActiveCfg = Release|Any CPU
		{551C3653-B6F5-477B-AB9F-9AA6AC71FF61}.Release|Any CPU.Build.0 = Release|Any CPU
		{551C3653-B6F5-477B-AB9F-9AA6AC71FF61}.Release|ARM.ActiveCfg = Release|Any CPU
		{551C3653-B6F5-477B-AB9F-9AA6AC71FF61}.Release|ARM.Build.0 = Release|Any CPU
		{551C3653-B6F5-477B-AB9F-9AA6AC71FF61}.Release|x64.ActiveCfg = Release|Any CPU
		{551C3653-B6F5-477B-AB9F-9AA6AC71FF61}.Release|x64.Build.0 = Release|Any CPU
		{551C3653-B6F5-477B-AB9F-9AA6AC71FF61}.Release|x86.ActiveCfg = Release|Any CPU
		{551C3653-B6F5-477B-AB9F-9AA6AC71FF61}.Release|x86.Build.0 = Release|Any CPU
	EndGlobalSection
	GlobalSection(SolutionProperties) = preSolution
		HideSolutionNode = FALSE
	EndGlobalSection
	GlobalSection(ExtensibilityGlobals) = postSolution
		SolutionGuid = {5C44B369-FC14-4BBF-ACAC-1810FEE338B9}
	EndGlobalSection
EndGlobal
